
Microsoft Visual Studio Solution File, Format Version 12.00
# Visual Studio Version 17
VisualStudioVersion = 17.7.34024.191
MinimumVisualStudioVersion = 10.0.40219.1
Project("{FAE04EC0-301F-11D3-BF4B-00C04F79EFBC}") = "WpfBasics", "WpfBasics\WpfBasics.csproj", "{CED96233-F81C-42A7-B870-B785E1E70F35}"
EndProject
Global
	GlobalSection(SolutionConfigurationPlatforms) = preSolution
		Debug|Any CPU = Debug|Any CPU
		Release|Any CPU = Release|Any CPU
	EndGlobalSection
	GlobalSection(ProjectConfigurationPlatforms) = postSolution
		{CED96233-F81C-42A7-B870-B785E1E70F35}.Debug|Any CPU.ActiveCfg = Debug|Any CPU
		{CED96233-F81C-42A7-B870-B785E1E70F35}.Debug|Any CPU.Build.0 = Debug|Any CPU
		{CED96233-F81C-42A7-B870-B785E1E70F35}.Release|Any CPU.ActiveCfg = Release|Any CPU
		{CED96233-F81C-42A7-B870-B785E1E70F35}.Release|Any CPU.Build.0 = Release|Any CPU
	EndGlobalSection
	GlobalSection(SolutionProperties) = preSolution
		HideSolutionNode = FALSE
	EndGlobalSection
	GlobalSection(ExtensibilityGlobals) = postSolution
		SolutionGuid = {74BCE0DE-C11B-45F6-AFA9-C73D1C8D682F}
	EndGlobalSection
EndGlobal
